{
  "name": "index.ts",
  "version": "0.0.0",
  "lockfileVersion": 3,
  "requires": true,
  "packages": {
    "": {
      "name": "index.ts",
      "version": "0.0.0",
      "dependencies": {
        "index.ts": "file:"
      }
    },
    "node_modules/index.ts": {
      "resolved": "",
      "link": true
    }
  }
}
